// !$*UTF8*$!
{
	archiveVersion = 1;
	classes = {
	};
	objectVersion = 50;
	objects = {

/* Begin PBXBuildFile section */
		F46D65352121DBB3008457EC /* DashboardController.swift in Sources */ = {isa = PBXBuildFile; fileRef = F46D65342121DBB3008457EC /* DashboardController.swift */; };
		F46D65372121DBEB008457EC /* RegisterController.swift in Sources */ = {isa = PBXBuildFile; fileRef = F46D65362121DBEB008457EC /* RegisterController.swift */; };
		F4C0C977211D9B5C0089F297 /* AppDelegate.swift in Sources */ = {isa = PBXBuildFile; fileRef = F4C0C976211D9B5C0089F297 /* AppDelegate.swift */; };
		F4C0C979211D9B5C0089F297 /* WelcomeController.swift in Sources */ = {isa = PBXBuildFile; fileRef = F4C0C978211D9B5C0089F297 /* WelcomeController.swift */; };
		F4C0C97C211D9B5C0089F297 /* Main.storyboard in Resources */ = {isa = PBXBuildFile; fileRef = F4C0C97A211D9B5C0089F297 /* Main.storyboard */; };
		F4C0C97E211D9B5E0089F297 /* Assets.xcassets in Resources */ = {isa = PBXBuildFile; fileRef = F4C0C97D211D9B5E0089F297 /* Assets.xcassets */; };
		F4C0C981211D9B5E0089F297 /* LaunchScreen.storyboard in Resources */ = {isa = PBXBuildFile; fileRef = F4C0C97F211D9B5E0089F297 /* LaunchScreen.storyboard */; };
		F4C0C98A211DA29B0089F297 /* LoginController.swift in Sources */ = {isa = PBXBuildFile; fileRef = F4C0C989211DA29B0089F297 /* LoginController.swift */; };
/* End PBXBuildFile section */

/* Begin PBXFileReference section */
		F46D65342121DBB3008457EC /* DashboardController.swift */ = {isa = PBXFileReference; lastKnownFileType = sourcecode.swift; path = DashboardController.swift; sourceTree = "<group>"; };
		F46D65362121DBEB008457EC /* RegisterController.swift */ = {isa = PBXFileReference; lastKnownFileType = sourcecode.swift; path = RegisterController.swift; sourceTree = "<group>"; };
		F4C0C973211D9B5C0089F297 /* invationUFO.app */ = {isa = PBXFileReference; explicitFileType = wrapper.application; includeInIndex = 0; path = invationUFO.app; sourceTree = BUILT_PRODUCTS_DIR; };
		F4C0C976211D9B5C0089F297 /* AppDelegate.swift */ = {isa = PBXFileReference; lastKnownFileType = sourcecode.swift; path = AppDelegate.swift; sourceTree = "<group>"; };
		F4C0C978211D9B5C0089F297 /* WelcomeController.swift */ = {isa = PBXFileReference; lastKnownFileType = sourcecode.swift; path = WelcomeController.swift; sourceTree = "<group>"; };
		F4C0C97B211D9B5C0089F297 /* Base */ = {isa = PBXFileReference; lastKnownFileType = file.storyboard; name = Base; path = Base.lproj/Main.storyboard; sourceTree = "<group>"; };
		F4C0C97D211D9B5E0089F297 /* Assets.xcassets */ = {isa = PBXFileReference; lastKnownFileType = folder.assetcatalog; path = Assets.xcassets; sourceTree = "<group>"; };
		F4C0C980211D9B5E0089F297 /* Base */ = {isa = PBXFileReference; lastKnownFileType = file.storyboard; name = Base; path = Base.lproj/LaunchScreen.storyboard; sourceTree = "<group>"; };
		F4C0C982211D9B5F0089F297 /* Info.plist */ = {isa = PBXFileReference; lastKnownFileType = text.plist.xml; path = Info.plist; sourceTree = "<group>"; };
		F4C0C989211DA29B0089F297 /* LoginController.swift */ = {isa = PBXFileReference; lastKnownFileType = sourcecode.swift; path = LoginController.swift; sourceTree = "<group>"; };
/* End PBXFileReference section */

/* Begin PBXFrameworksBuildPhase section */
		F4C0C970211D9B5C0089F297 /* Frameworks */ = {
			isa = PBXFrameworksBuildPhase;
			buildActionMask = 2147483647;
			files = (
			);
			runOnlyForDeploymentPostprocessing = 0;
		};
/* End PBXFrameworksBuildPhase section */

/* Begin PBXGroup section */
		F46D65312121D483008457EC /* Welcome Controller */ = {
			isa = PBXGroup;
			children = (
				F4C0C978211D9B5C0089F297 /* WelcomeController.swift */,
			);
			path = "Welcome Controller";
			sourceTree = "<group>";
		};
		F46D65322121DB72008457EC /* Register Controller */ = {
			isa = PBXGroup;
			children = (
				F46D65362121DBEB008457EC /* RegisterController.swift */,
			);
			path = "Register Controller";
			sourceTree = "<group>";
		};
		F46D65332121DB7E008457EC /* Dashboard Controller */ = {
			isa = PBXGroup;
			children = (
				F46D65342121DBB3008457EC /* DashboardController.swift */,
			);
			path = "Dashboard Controller";
			sourceTree = "<group>";
		};
		F4C0C96A211D9B5C0089F297 = {
			isa = PBXGroup;
			children = (
				F4C0C975211D9B5C0089F297 /* invationUFO */,
				F4C0C974211D9B5C0089F297 /* Products */,
			);
			sourceTree = "<group>";
		};
		F4C0C974211D9B5C0089F297 /* Products */ = {
			isa = PBXGroup;
			children = (
				F4C0C973211D9B5C0089F297 /* invationUFO.app */,
			);
			name = Products;
			sourceTree = "<group>";
		};
		F4C0C975211D9B5C0089F297 /* invationUFO */ = {
			isa = PBXGroup;
			children = (
				F46D65332121DB7E008457EC /* Dashboard Controller */,
				F46D65322121DB72008457EC /* Register Controller */,
				F46D65312121D483008457EC /* Welcome Controller */,
				F4C0C988211DA21F0089F297 /* Login Controller */,
				F4C0C976211D9B5C0089F297 /* AppDelegate.swift */,
				F4C0C97A211D9B5C0089F297 /* Main.storyboard */,
				F4C0C97D211D9B5E0089F297 /* Assets.xcassets */,
				F4C0C97F211D9B5E0089F297 /* LaunchScreen.storyboard */,
				F4C0C982211D9B5F0089F297 /* Info.plist */,
			);
			path = invationUFO;
			sourceTree = "<group>";
		};
		F4C0C988211DA21F0089F297 /* Login Controller */ = {
			isa = PBXGroup;
			children = (
				F4C0C989211DA29B0089F297 /* LoginController.swift */,
			);
			path = "Login Controller";
			sourceTree = "<group>";
		};
/* End PBXGroup section */

/* Begin PBXNativeTarget section */
		F4C0C972211D9B5C0089F297 /* invationUFO */ = {
			isa = PBXNativeTarget;
			buildConfigurationList = F4C0C985211D9B5F0089F297 /* Build configuration list for PBXNativeTarget "invationUFO" */;
			buildPhases = (
				F4C0C96F211D9B5C0089F297 /* Sources */,
				F4C0C970211D9B5C0089F297 /* Frameworks */,
				F4C0C971211D9B5C0089F297 /* Resources */,
			);
			buildRules = (
			);
			dependencies = (
			);
			name = invationUFO;
			productName = invationUFO;
			productReference = F4C0C973211D9B5C0089F297 /* invationUFO.app */;
			productType = "com.apple.product-type.application";
		};
/* End PBXNativeTarget section */

/* Begin PBXProject section */
		F4C0C96B211D9B5C0089F297 /* Project object */ = {
			isa = PBXProject;
			attributes = {
				LastSwiftUpdateCheck = 0940;
				LastUpgradeCheck = 0940;
				ORGANIZATIONNAME = "Zikisa Cale Sogaxa";
				TargetAttributes = {
					F4C0C972211D9B5C0089F297 = {
						CreatedOnToolsVersion = 9.4.1;
					};
				};
			};
			buildConfigurationList = F4C0C96E211D9B5C0089F297 /* Build configuration list for PBXProject "invationUFO" */;
			compatibilityVersion = "Xcode 9.3";
			developmentRegion = en;
			hasScannedForEncodings = 0;
			knownRegions = (
				en,
				Base,
			);
			mainGroup = F4C0C96A211D9B5C0089F297;
			productRefGroup = F4C0C974211D9B5C0089F297 /* Products */;
			projectDirPath = "";
			projectRoot = "";
			targets = (
				F4C0C972211D9B5C0089F297 /* invationUFO */,
			);
		};
/* End PBXProject section */

/* Begin PBXResourcesBuildPhase section */
		F4C0C971211D9B5C0089F297 /* Resources */ = {
			isa = PBXResourcesBuildPhase;
			buildActionMask = 2147483647;
			files = (
				F4C0C981211D9B5E0089F297 /* LaunchScreen.storyboard in Resources */,
				F4C0C97E211D9B5E0089F297 /* Assets.xcassets in Resources */,
				F4C0C97C211D9B5C0089F297 /* Main.storyboard in Resources */,
			);
			runOnlyForDeploymentPostprocessing = 0;
		};
/* End PBXResourcesBuildPhase section */

/* Begin PBXSourcesBuildPhase section */
		F4C0C96F211D9B5C0089F297 /* Sources */ = {
			isa = PBXSourcesBuildPhase;
			buildActionMask = 2147483647;
			files = (
				F46D65372121DBEB008457EC /* RegisterController.swift in Sources */,
				F46D65352121DBB3008457EC /* DashboardController.swift in Sources */,
				F4C0C979211D9B5C0089F297 /* WelcomeController.swift in Sources */,
				F4C0C98A211DA29B0089F297 /* LoginController.swift in Sources */,
				F4C0C977211D9B5C0089F297 /* AppDelegate.swift in Sources */,
			);
			runOnlyForDeploymentPostprocessing = 0;
		};
/* End PBXSourcesBuildPhase section */

/* Begin PBXVariantGroup section */
		F4C0C97A211D9B5C0089F297 /* Main.storyboard */ = {
			isa = PBXVariantGroup;
			children = (
				F4C0C97B211D9B5C0089F297 /* Base */,
			);
			name = Main.storyboard;
			sourceTree = "<group>";
		};
		F4C0C97F211D9B5E0089F297 /* LaunchScreen.storyboard */ = {
			isa = PBXVariantGroup;
			children = (
				F4C0C980211D9B5E0089F297 /* Base */,
			);
			name = LaunchScreen.storyboard;
			sourceTree = "<group>";
		};
/* End PBXVariantGroup section */

/* Begin XCBuildConfiguration section */
		F4C0C983211D9B5F0089F297 /* Debug */ = {
			isa = XCBuildConfiguration;
			buildSettings = {
				ALWAYS_SEARCH_USER_PATHS = NO;
				CLANG_ANALYZER_NONNULL = YES;
				CLANG_ANALYZER_NUMBER_OBJECT_CONVERSION = YES_AGGRESSIVE;
				CLANG_CXX_LANGUAGE_STANDARD = "gnu++14";
				CLANG_CXX_LIBRARY = "libc++";
				CLANG_ENABLE_MODULES = YES;
				CLANG_ENABLE_OBJC_ARC = YES;
				CLANG_ENABLE_OBJC_WEAK = YES;
				CLANG_WARN_BLOCK_CAPTURE_AUTORELEASING = YES;
				CLANG_WARN_BOOL_CONVERSION = YES;
				CLANG_WARN_COMMA = YES;
				CLANG_WARN_CONSTANT_CONVERSION = YES;
				CLANG_WARN_DEPRECATED_OBJC_IMPLEMENTATIONS = YES;
				CLANG_WARN_DIRECT_OBJC_ISA_USAGE = YES_ERROR;
				CLANG_WARN_DOCUMENTATION_COMMENTS = YES;
				CLANG_WARN_EMPTY_BODY = YES;
				CLANG_WARN_ENUM_CONVERSION = YES;
				CLANG_WARN_INFINITE_RECURSION = YES;
				CLANG_WARN_INT_CONVERSION = YES;
				CLANG_WARN_NON_LITERAL_NULL_CONVERSION = YES;
				CLANG_WARN_OBJC_IMPLICIT_RETAIN_SELF = YES;
				CLANG_WARN_OBJC_LITERAL_CONVERSION = YES;
				CLANG_WARN_OBJC_ROOT_CLASS = YES_ERROR;
				CLANG_WARN_RANGE_LOOP_ANALYSIS = YES;
				CLANG_WARN_STRICT_PROTOTYPES = YES;
				CLANG_WARN_SUSPICIOUS_MOVE = YES;
				CLANG_WARN_UNGUARDED_AVAILABILITY = YES_AGGRESSIVE;
				CLANG_WARN_UNREACHABLE_CODE = YES;
				CLANG_WARN__DUPLICATE_METHOD_MATCH = YES;
				CODE_SIGN_IDENTITY = "iPhone Developer";
				COPY_PHASE_STRIP = NO;
				DEBUG_INFORMATION_FORMAT = dwarf;
				ENABLE_STRICT_OBJC_MSGSEND = YES;
				ENABLE_TESTABILITY = YES;
				GCC_C_LANGUAGE_STANDARD = gnu11;
				GCC_DYNAMIC_NO_PIC = NO;
				GCC_NO_COMMON_BLOCKS = YES;
				GCC_OPTIMIZATION_LEVEL = 0;
				GCC_PREPROCESSOR_DEFINITIONS = (
					"DEBUG=1",
					"$(inherited)",
				);
				GCC_WARN_64_TO_32_BIT_CONVERSION = YES;
				GCC_WARN_ABOUT_RETURN_TYPE = YES_ERROR;
				GCC_WARN_UNDECLARED_SELECTOR = YES;
				GCC_WARN_UNINITIALIZED_AUTOS = YES_AGGRESSIVE;
				GCC_WARN_UNUSED_FUNCTION = YES;
				GCC_WARN_UNUSED_VARIABLE = YES;
				IPHONEOS_DEPLOYMENT_TARGET = 11.4;
				MTL_ENABLE_DEBUG_INFO = YES;
				ONLY_ACTIVE_ARCH = YES;
				SDKROOT = iphoneos;
				SWIFT_ACTIVE_COMPILATION_CONDITIONS = DEBUG;
				SWIFT_OPTIMIZATION_LEVEL = "-Onone";
			};
			name = Debug;
		};
		F4C0C984211D9B5F0089F297 /* Release */ = {
			isa = XCBuildConfiguration;
			buildSettings = {
				ALWAYS_SEARCH_USER_PATHS = NO;
				CLANG_ANALYZER_NONNULL = YES;
				CLANG_ANALYZER_NUMBER_OBJECT_CONVERSION = YES_AGGRESSIVE;
				CLANG_CXX_LANGUAGE_STANDARD = "gnu++14";
				CLANG_CXX_LIBRARY = "libc++";
				CLANG_ENABLE_MODULES = YES;
				CLANG_ENABLE_OBJC_ARC = YES;
				CLANG_ENABLE_OBJC_WEAK = YES;
				CLANG_WARN_BLOCK_CAPTURE_AUTORELEASING = YES;
				CLANG_WARN_BOOL_CONVERSION = YES;
				CLANG_WARN_COMMA = YES;
				CLANG_WARN_CONSTANT_CONVERSION = YES;
				CLANG_WARN_DEPRECATED_OBJC_IMPLEMENTATIONS = YES;
				CLANG_WARN_DIRECT_OBJC_ISA_USAGE = YES_ERROR;
				CLANG_WARN_DOCUMENTATION_COMMENTS = YES;
				CLANG_WARN_EMPTY_BODY = YES;
				CLANG_WARN_ENUM_CONVERSION = YES;
				CLANG_WARN_INFINITE_RECURSION = YES;
				CLANG_WARN_INT_CONVERSION = YES;
				CLANG_WARN_NON_LITERAL_NULL_CONVERSION = YES;
				CLANG_WARN_OBJC_IMPLICIT_RETAIN_SELF = YES;
				CLANG_WARN_OBJC_LITERAL_CONVERSION = YES;
				CLANG_WARN_OBJC_ROOT_CLASS = YES_ERROR;
				CLANG_WARN_RANGE_LOOP_ANALYSIS = YES;
				CLANG_WARN_STRICT_PROTOTYPES = YES;
				CLANG_WARN_SUSPICIOUS_MOVE = YES;
				CLANG_WARN_UNGUARDED_AVAILABILITY = YES_AGGRESSIVE;
				CLANG_WARN_UNREACHABLE_CODE = YES;
				CLANG_WARN__DUPLICATE_METHOD_MATCH = YES;
				CODE_SIGN_IDENTITY = "iPhone Developer";
				COPY_PHASE_STRIP = NO;
				DEBUG_INFORMATION_FORMAT = "dwarf-with-dsym";
				ENABLE_NS_ASSERTIONS = NO;
				ENABLE_STRICT_OBJC_MSGSEND = YES;
				GCC_C_LANGUAGE_STANDARD = gnu11;
				GCC_NO_COMMON_BLOCKS = YES;
				GCC_WARN_64_TO_32_BIT_CONVERSION = YES;
				GCC_WARN_ABOUT_RETURN_TYPE = YES_ERROR;
				GCC_WARN_UNDECLARED_SELECTOR = YES;
				GCC_WARN_UNINITIALIZED_AUTOS = YES_AGGRESSIVE;
				GCC_WARN_UNUSED_FUNCTION = YES;
				GCC_WARN_UNUSED_VARIABLE = YES;
				IPHONEOS_DEPLOYMENT_TARGET = 11.4;
				MTL_ENABLE_DEBUG_INFO = NO;
				SDKROOT = iphoneos;
				SWIFT_COMPILATION_MODE = wholemodule;
				SWIFT_OPTIMIZATION_LEVEL = "-O";
				VALIDATE_PRODUCT = YES;
			};
			name = Release;
		};
		F4C0C986211D9B5F0089F297 /* Debug */ = {
			isa = XCBuildConfiguration;
			buildSettings = {
				ASSETCATALOG_COMPILER_APPICON_NAME = AppIcon;
				CODE_SIGN_STYLE = Automatic;
				DEVELOPMENT_TEAM = 6Y238BK4NY;
				INFOPLIST_FILE = invationUFO/Info.plist;
				LD_RUNPATH_SEARCH_PATHS = (
					"$(inherited)",
					"@executable_path/Frameworks",
				);
				PRODUCT_BUNDLE_IDENTIFIER = aliens.invationUFO;
				PRODUCT_NAME = "$(TARGET_NAME)";
				SWIFT_VERSION = 4.0;
				TARGETED_DEVICE_FAMILY = "1,2";
			};
			name = Debug;
		};
		F4C0C987211D9B5F0089F297 /* Release */ = {
			isa = XCBuildConfiguration;
			buildSettings = {
				ASSETCATALOG_COMPILER_APPICON_NAME = AppIcon;
				CODE_SIGN_STYLE = Automatic;
				DEVELOPMENT_TEAM = 6Y238BK4NY;
				INFOPLIST_FILE = invationUFO/Info.plist;
				LD_RUNPATH_SEARCH_PATHS = (
					"$(inherited)",
					"@executable_path/Frameworks",
				);
				PRODUCT_BUNDLE_IDENTIFIER = aliens.invationUFO;
				PRODUCT_NAME = "$(TARGET_NAME)";
				SWIFT_VERSION = 4.0;
				TARGETED_DEVICE_FAMILY = "1,2";
			};
			name = Release;
		};
/* End XCBuildConfiguration section */

/* Begin XCConfigurationList section */
		F4C0C96E211D9B5C0089F297 /* Build configuration list for PBXProject "invationUFO" */ = {
			isa = XCConfigurationList;
			buildConfigurations = (
				F4C0C983211D9B5F0089F297 /* Debug */,
				F4C0C984211D9B5F0089F297 /* Release */,
			);
			defaultConfigurationIsVisible = 0;
			defaultConfigurationName = Release;
		};
		F4C0C985211D9B5F0089F297 /* Build configuration list for PBXNativeTarget "invationUFO" */ = {
			isa = XCConfigurationList;
			buildConfigurations = (
				F4C0C986211D9B5F0089F297 /* Debug */,
				F4C0C987211D9B5F0089F297 /* Release */,
			);
			defaultConfigurationIsVisible = 0;
			defaultConfigurationName = Release;
		};
/* End XCConfigurationList section */
	};
	rootObject = F4C0C96B211D9B5C0089F297 /* Project object */;
}
